
Microsoft Visual Studio Solution File, Format Version 12.00
# Visual Studio 15
VisualStudioVersion = 15.0.26430.14
MinimumVisualStudioVersion = 10.0.40219.1
Project("{FAE04EC0-301F-11D3-BF4B-00C04F79EFBC}") = "PetClinicWeb", "PetClinicWeb\PetClinicWeb.csproj", "{EBBA9810-67C1-4A9F-A799-D1889350C999}"
EndProject
Project("{FAE04EC0-301F-11D3-BF4B-00C04F79EFBC}") = "PetClinicDAL", "PetClinicDAL\PetClinicDAL.csproj", "{804D260B-F854-42B4-8620-07D8BEA34230}"
EndProject
Project("{FAE04EC0-301F-11D3-BF4B-00C04F79EFBC}") = "PetClinicFacade", "PetClinicFacade\PetClinicFacade.csproj", "{FCAF489B-2C28-443F-992A-4623741B4C79}"
EndProject
Global
	GlobalSection(SolutionConfigurationPlatforms) = preSolution
		Debug|Any CPU = Debug|Any CPU
		Debug|x64 = Debug|x64
		Debug|x86 = Debug|x86
		Release|Any CPU = Release|Any CPU
		Release|x64 = Release|x64
		Release|x86 = Release|x86
	EndGlobalSection
	GlobalSection(ProjectConfigurationPlatforms) = postSolution
		{EBBA9810-67C1-4A9F-A799-D1889350C999}.Debug|Any CPU.ActiveCfg = Debug|x86
		{EBBA9810-67C1-4A9F-A799-D1889350C999}.Debug|Any CPU.Build.0 = Debug|x86
		{EBBA9810-67C1-4A9F-A799-D1889350C999}.Debug|x64.ActiveCfg = Debug|x64
		{EBBA9810-67C1-4A9F-A799-D1889350C999}.Debug|x64.Build.0 = Debug|x64
		{EBBA9810-67C1-4A9F-A799-D1889350C999}.Debug|x86.ActiveCfg = Debug|x86
		{EBBA9810-67C1-4A9F-A799-D1889350C999}.Debug|x86.Build.0 = Debug|x86
		{EBBA9810-67C1-4A9F-A799-D1889350C999}.Release|Any CPU.ActiveCfg = Release|Any CPU
		{EBBA9810-67C1-4A9F-A799-D1889350C999}.Release|Any CPU.Build.0 = Release|Any CPU
		{EBBA9810-67C1-4A9F-A799-D1889350C999}.Release|x64.ActiveCfg = Release|Any CPU
		{EBBA9810-67C1-4A9F-A799-D1889350C999}.Release|x64.Build.0 = Release|Any CPU
		{EBBA9810-67C1-4A9F-A799-D1889350C999}.Release|x86.ActiveCfg = Release|x86
		{EBBA9810-67C1-4A9F-A799-D1889350C999}.Release|x86.Build.0 = Release|x86
		{804D260B-F854-42B4-8620-07D8BEA34230}.Debug|Any CPU.ActiveCfg = Debug|x86
		{804D260B-F854-42B4-8620-07D8BEA34230}.Debug|Any CPU.Build.0 = Debug|x86
		{804D260B-F854-42B4-8620-07D8BEA34230}.Debug|x64.ActiveCfg = Debug|x64
		{804D260B-F854-42B4-8620-07D8BEA34230}.Debug|x64.Build.0 = Debug|x64
		{804D260B-F854-42B4-8620-07D8BEA34230}.Debug|x86.ActiveCfg = Debug|x86
		{804D260B-F854-42B4-8620-07D8BEA34230}.Debug|x86.Build.0 = Debug|x86
		{804D260B-F854-42B4-8620-07D8BEA34230}.Release|Any CPU.ActiveCfg = Release|Any CPU
		{804D260B-F854-42B4-8620-07D8BEA34230}.Release|Any CPU.Build.0 = Release|Any CPU
		{804D260B-F854-42B4-8620-07D8BEA34230}.Release|x64.ActiveCfg = Release|x64
		{804D260B-F854-42B4-8620-07D8BEA34230}.Release|x64.Build.0 = Release|x64
		{804D260B-F854-42B4-8620-07D8BEA34230}.Release|x86.ActiveCfg = Release|x86
		{804D260B-F854-42B4-8620-07D8BEA34230}.Release|x86.Build.0 = Release|x86
		{FCAF489B-2C28-443F-992A-4623741B4C79}.Debug|Any CPU.ActiveCfg = Debug|x86
		{FCAF489B-2C28-443F-992A-4623741B4C79}.Debug|Any CPU.Build.0 = Debug|x86
		{FCAF489B-2C28-443F-992A-4623741B4C79}.Debug|x64.ActiveCfg = Debug|x64
		{FCAF489B-2C28-443F-992A-4623741B4C79}.Debug|x64.Build.0 = Debug|x64
		{FCAF489B-2C28-443F-992A-4623741B4C79}.Debug|x86.ActiveCfg = Debug|x86
		{FCAF489B-2C28-443F-992A-4623741B4C79}.Debug|x86.Build.0 = Debug|x86
		{FCAF489B-2C28-443F-992A-4623741B4C79}.Release|Any CPU.ActiveCfg = Release|Any CPU
		{FCAF489B-2C28-443F-992A-4623741B4C79}.Release|Any CPU.Build.0 = Release|Any CPU
		{FCAF489B-2C28-443F-992A-4623741B4C79}.Release|x64.ActiveCfg = Release|Any CPU
		{FCAF489B-2C28-443F-992A-4623741B4C79}.Release|x64.Build.0 = Release|Any CPU
		{FCAF489B-2C28-443F-992A-4623741B4C79}.Release|x86.ActiveCfg = Release|x86
		{FCAF489B-2C28-443F-992A-4623741B4C79}.Release|x86.Build.0 = Release|x86
	EndGlobalSection
	GlobalSection(SolutionProperties) = preSolution
		HideSolutionNode = FALSE
	EndGlobalSection
EndGlobal
